// !$*UTF8*$!
{
	archiveVersion = 1;
	classes = {
	};
	objectVersion = 46;
	objects = {

/* Begin PBXBuildFile section */
		146EF326211D6ECB003ACCE1 /* AppDelegate.swift in Sources */ = {isa = PBXBuildFile; fileRef = 146EF325211D6ECB003ACCE1 /* AppDelegate.swift */; };
		146EF32B211D6ECB003ACCE1 /* Main.storyboard in Resources */ = {isa = PBXBuildFile; fileRef = 146EF329211D6ECB003ACCE1 /* Main.storyboard */; };
		146EF32D211D6ECC003ACCE1 /* Assets.xcassets in Resources */ = {isa = PBXBuildFile; fileRef = 146EF32C211D6ECC003ACCE1 /* Assets.xcassets */; };
		146EF330211D6ECC003ACCE1 /* LaunchScreen.storyboard in Resources */ = {isa = PBXBuildFile; fileRef = 146EF32E211D6ECC003ACCE1 /* LaunchScreen.storyboard */; };
		146EF359211D7062003ACCE1 /* LoginVC.swift in Sources */ = {isa = PBXBuildFile; fileRef = 146EF358211D7062003ACCE1 /* LoginVC.swift */; };
		146EF35B211D9067003ACCE1 /* MainVC.swift in Sources */ = {isa = PBXBuildFile; fileRef = 146EF35A211D9067003ACCE1 /* MainVC.swift */; };
		146EF35D211D9C80003ACCE1 /* PlanVC.swift in Sources */ = {isa = PBXBuildFile; fileRef = 146EF35C211D9C80003ACCE1 /* PlanVC.swift */; };
		2BE34C2C211DC65600FDBB4A /* collection.json in Resources */ = {isa = PBXBuildFile; fileRef = 2BE34C2B211DC65600FDBB4A /* collection.json */; };
/* End PBXBuildFile section */

/* Begin PBXFileReference section */
		146EF322211D6ECB003ACCE1 /* iosTaskMivi.app */ = {isa = PBXFileReference; explicitFileType = wrapper.application; includeInIndex = 0; path = iosTaskMivi.app; sourceTree = BUILT_PRODUCTS_DIR; };
		146EF325211D6ECB003ACCE1 /* AppDelegate.swift */ = {isa = PBXFileReference; lastKnownFileType = sourcecode.swift; path = AppDelegate.swift; sourceTree = "<group>"; };
		146EF32A211D6ECB003ACCE1 /* Base */ = {isa = PBXFileReference; lastKnownFileType = file.storyboard; name = Base; path = Base.lproj/Main.storyboard; sourceTree = "<group>"; };
		146EF32C211D6ECC003ACCE1 /* Assets.xcassets */ = {isa = PBXFileReference; lastKnownFileType = folder.assetcatalog; path = Assets.xcassets; sourceTree = "<group>"; };
		146EF32F211D6ECC003ACCE1 /* Base */ = {isa = PBXFileReference; lastKnownFileType = file.storyboard; name = Base; path = Base.lproj/LaunchScreen.storyboard; sourceTree = "<group>"; };
		146EF331211D6ECC003ACCE1 /* Info.plist */ = {isa = PBXFileReference; lastKnownFileType = text.plist.xml; path = Info.plist; sourceTree = "<group>"; };
		146EF358211D7062003ACCE1 /* LoginVC.swift */ = {isa = PBXFileReference; fileEncoding = 4; lastKnownFileType = sourcecode.swift; path = LoginVC.swift; sourceTree = "<group>"; };
		146EF35A211D9067003ACCE1 /* MainVC.swift */ = {isa = PBXFileReference; fileEncoding = 4; lastKnownFileType = sourcecode.swift; path = MainVC.swift; sourceTree = "<group>"; };
		146EF35C211D9C80003ACCE1 /* PlanVC.swift */ = {isa = PBXFileReference; fileEncoding = 4; lastKnownFileType = sourcecode.swift; path = PlanVC.swift; sourceTree = "<group>"; };
		2BE34C2B211DC65600FDBB4A /* collection.json */ = {isa = PBXFileReference; fileEncoding = 4; lastKnownFileType = text.json; path = collection.json; sourceTree = "<group>"; };
/* End PBXFileReference section */

/* Begin PBXFrameworksBuildPhase section */
		146EF31F211D6ECB003ACCE1 /* Frameworks */ = {
			isa = PBXFrameworksBuildPhase;
			buildActionMask = 2147483647;
			files = (
			);
			runOnlyForDeploymentPostprocessing = 0;
		};
/* End PBXFrameworksBuildPhase section */

/* Begin PBXGroup section */
		146EF319211D6ECA003ACCE1 = {
			isa = PBXGroup;
			children = (
				146EF324211D6ECB003ACCE1 /* iosTaskMivi */,
				146EF323211D6ECB003ACCE1 /* Products */,
			);
			sourceTree = "<group>";
		};
		146EF323211D6ECB003ACCE1 /* Products */ = {
			isa = PBXGroup;
			children = (
				146EF322211D6ECB003ACCE1 /* iosTaskMivi.app */,
			);
			name = Products;
			sourceTree = "<group>";
		};
		146EF324211D6ECB003ACCE1 /* iosTaskMivi */ = {
			isa = PBXGroup;
			children = (
				146EF325211D6ECB003ACCE1 /* AppDelegate.swift */,
				146EF358211D7062003ACCE1 /* LoginVC.swift */,
				146EF35A211D9067003ACCE1 /* MainVC.swift */,
				146EF35C211D9C80003ACCE1 /* PlanVC.swift */,
				146EF329211D6ECB003ACCE1 /* Main.storyboard */,
				146EF32C211D6ECC003ACCE1 /* Assets.xcassets */,
				146EF32E211D6ECC003ACCE1 /* LaunchScreen.storyboard */,
				146EF337211D6FED003ACCE1 /* SupportingFiles */,
				146EF331211D6ECC003ACCE1 /* Info.plist */,
			);
			path = iosTaskMivi;
			sourceTree = "<group>";
		};
		146EF337211D6FED003ACCE1 /* SupportingFiles */ = {
			isa = PBXGroup;
			children = (
				2BE34C2B211DC65600FDBB4A /* collection.json */,
			);
			name = SupportingFiles;
			sourceTree = "<group>";
		};
/* End PBXGroup section */

/* Begin PBXNativeTarget section */
		146EF321211D6ECB003ACCE1 /* iosTaskMivi */ = {
			isa = PBXNativeTarget;
			buildConfigurationList = 146EF334211D6ECC003ACCE1 /* Build configuration list for PBXNativeTarget "iosTaskMivi" */;
			buildPhases = (
				146EF31E211D6ECB003ACCE1 /* Sources */,
				146EF31F211D6ECB003ACCE1 /* Frameworks */,
				146EF320211D6ECB003ACCE1 /* Resources */,
			);
			buildRules = (
			);
			dependencies = (
			);
			name = iosTaskMivi;
			productName = iosTaskMivi;
			productReference = 146EF322211D6ECB003ACCE1 /* iosTaskMivi.app */;
			productType = "com.apple.product-type.application";
		};
/* End PBXNativeTarget section */

/* Begin PBXProject section */
		146EF31A211D6ECA003ACCE1 /* Project object */ = {
			isa = PBXProject;
			attributes = {
				LastSwiftUpdateCheck = 0830;
				LastUpgradeCheck = 0940;
				ORGANIZATIONNAME = Rize;
				TargetAttributes = {
					146EF321211D6ECB003ACCE1 = {
						CreatedOnToolsVersion = 8.3.3;
						ProvisioningStyle = Automatic;
					};
				};
			};
			buildConfigurationList = 146EF31D211D6ECA003ACCE1 /* Build configuration list for PBXProject "iosTaskMivi" */;
			compatibilityVersion = "Xcode 3.2";
			developmentRegion = English;
			hasScannedForEncodings = 0;
			knownRegions = (
				en,
				Base,
			);
			mainGroup = 146EF319211D6ECA003ACCE1;
			productRefGroup = 146EF323211D6ECB003ACCE1 /* Products */;
			projectDirPath = "";
			projectRoot = "";
			targets = (
				146EF321211D6ECB003ACCE1 /* iosTaskMivi */,
			);
		};
/* End PBXProject section */

/* Begin PBXResourcesBuildPhase section */
		146EF320211D6ECB003ACCE1 /* Resources */ = {
			isa = PBXResourcesBuildPhase;
			buildActionMask = 2147483647;
			files = (
				146EF330211D6ECC003ACCE1 /* LaunchScreen.storyboard in Resources */,
				146EF32D211D6ECC003ACCE1 /* Assets.xcassets in Resources */,
				146EF32B211D6ECB003ACCE1 /* Main.storyboard in Resources */,
				2BE34C2C211DC65600FDBB4A /* collection.json in Resources */,
			);
			runOnlyForDeploymentPostprocessing = 0;
		};
/* End PBXResourcesBuildPhase section */

/* Begin PBXSourcesBuildPhase section */
		146EF31E211D6ECB003ACCE1 /* Sources */ = {
			isa = PBXSourcesBuildPhase;
			buildActionMask = 2147483647;
			files = (
				146EF359211D7062003ACCE1 /* LoginVC.swift in Sources */,
				146EF35B211D9067003ACCE1 /* MainVC.swift in Sources */,
				146EF326211D6ECB003ACCE1 /* AppDelegate.swift in Sources */,
				146EF35D211D9C80003ACCE1 /* PlanVC.swift in Sources */,
			);
			runOnlyForDeploymentPostprocessing = 0;
		};
/* End PBXSourcesBuildPhase section */

/* Begin PBXVariantGroup section */
		146EF329211D6ECB003ACCE1 /* Main.storyboard */ = {
			isa = PBXVariantGroup;
			children = (
				146EF32A211D6ECB003ACCE1 /* Base */,
			);
			name = Main.storyboard;
			sourceTree = "<group>";
		};
		146EF32E211D6ECC003ACCE1 /* LaunchScreen.storyboard */ = {
			isa = PBXVariantGroup;
			children = (
				146EF32F211D6ECC003ACCE1 /* Base */,
			);
			name = LaunchScreen.storyboard;
			sourceTree = "<group>";
		};
/* End PBXVariantGroup section */

/* Begin XCBuildConfiguration section */
		146EF332211D6ECC003ACCE1 /* Debug */ = {
			isa = XCBuildConfiguration;
			buildSettings = {
				ALWAYS_SEARCH_USER_PATHS = NO;
				CLANG_ANALYZER_NONNULL = YES;
				CLANG_ANALYZER_NUMBER_OBJECT_CONVERSION = YES_AGGRESSIVE;
				CLANG_CXX_LANGUAGE_STANDARD = "gnu++0x";
				CLANG_CXX_LIBRARY = "libc++";
				CLANG_ENABLE_MODULES = YES;
				CLANG_ENABLE_OBJC_ARC = YES;
				CLANG_WARN_BLOCK_CAPTURE_AUTORELEASING = YES;
				CLANG_WARN_BOOL_CONVERSION = YES;
				CLANG_WARN_COMMA = YES;
				CLANG_WARN_CONSTANT_CONVERSION = YES;
				CLANG_WARN_DEPRECATED_OBJC_IMPLEMENTATIONS = YES;
				CLANG_WARN_DIRECT_OBJC_ISA_USAGE = YES_ERROR;
				CLANG_WARN_DOCUMENTATION_COMMENTS = YES;
				CLANG_WARN_EMPTY_BODY = YES;
				CLANG_WARN_ENUM_CONVERSION = YES;
				CLANG_WARN_INFINITE_RECURSION = YES;
				CLANG_WARN_INT_CONVERSION = YES;
				CLANG_WARN_NON_LITERAL_NULL_CONVERSION = YES;
				CLANG_WARN_OBJC_IMPLICIT_RETAIN_SELF = YES;
				CLANG_WARN_OBJC_LITERAL_CONVERSION = YES;
				CLANG_WARN_OBJC_ROOT_CLASS = YES_ERROR;
				CLANG_WARN_RANGE_LOOP_ANALYSIS = YES;
				CLANG_WARN_STRICT_PROTOTYPES = YES;
				CLANG_WARN_SUSPICIOUS_MOVE = YES;
				CLANG_WARN_UNREACHABLE_CODE = YES;
				CLANG_WARN__DUPLICATE_METHOD_MATCH = YES;
				"CODE_SIGN_IDENTITY[sdk=iphoneos*]" = "iPhone Developer";
				COPY_PHASE_STRIP = NO;
				DEBUG_INFORMATION_FORMAT = dwarf;
				ENABLE_STRICT_OBJC_MSGSEND = YES;
				ENABLE_TESTABILITY = YES;
				GCC_C_LANGUAGE_STANDARD = gnu99;
				GCC_DYNAMIC_NO_PIC = NO;
				GCC_NO_COMMON_BLOCKS = YES;
				GCC_OPTIMIZATION_LEVEL = 0;
				GCC_PREPROCESSOR_DEFINITIONS = (
					"DEBUG=1",
					"$(inherited)",
				);
				GCC_WARN_64_TO_32_BIT_CONVERSION = YES;
				GCC_WARN_ABOUT_RETURN_TYPE = YES_ERROR;
				GCC_WARN_UNDECLARED_SELECTOR = YES;
				GCC_WARN_UNINITIALIZED_AUTOS = YES_AGGRESSIVE;
				GCC_WARN_UNUSED_FUNCTION = YES;
				GCC_WARN_UNUSED_VARIABLE = YES;
				IPHONEOS_DEPLOYMENT_TARGET = 10.3;
				MTL_ENABLE_DEBUG_INFO = YES;
				ONLY_ACTIVE_ARCH = YES;
				SDKROOT = iphoneos;
				SWIFT_ACTIVE_COMPILATION_CONDITIONS = DEBUG;
				SWIFT_OPTIMIZATION_LEVEL = "-Onone";
				SWIFT_VERSION = 4.0;
				TARGETED_DEVICE_FAMILY = "1,2";
			};
			name = Debug;
		};
		146EF333211D6ECC003ACCE1 /* Release */ = {
			isa = XCBuildConfiguration;
			buildSettings = {
				ALWAYS_SEARCH_USER_PATHS = NO;
				CLANG_ANALYZER_NONNULL = YES;
				CLANG_ANALYZER_NUMBER_OBJECT_CONVERSION = YES_AGGRESSIVE;
				CLANG_CXX_LANGUAGE_STANDARD = "gnu++0x";
				CLANG_CXX_LIBRARY = "libc++";
				CLANG_ENABLE_MODULES = YES;
				CLANG_ENABLE_OBJC_ARC = YES;
				CLANG_WARN_BLOCK_CAPTURE_AUTORELEASING = YES;
				CLANG_WARN_BOOL_CONVERSION = YES;
				CLANG_WARN_COMMA = YES;
				CLANG_WARN_CONSTANT_CONVERSION = YES;
				CLANG_WARN_DEPRECATED_OBJC_IMPLEMENTATIONS = YES;
				CLANG_WARN_DIRECT_OBJC_ISA_USAGE = YES_ERROR;
				CLANG_WARN_DOCUMENTATION_COMMENTS = YES;
				CLANG_WARN_EMPTY_BODY = YES;
				CLANG_WARN_ENUM_CONVERSION = YES;
				CLANG_WARN_INFINITE_RECURSION = YES;
				CLANG_WARN_INT_CONVERSION = YES;
				CLANG_WARN_NON_LITERAL_NULL_CONVERSION = YES;
				CLANG_WARN_OBJC_IMPLICIT_RETAIN_SELF = YES;
				CLANG_WARN_OBJC_LITERAL_CONVERSION = YES;
				CLANG_WARN_OBJC_ROOT_CLASS = YES_ERROR;
				CLANG_WARN_RANGE_LOOP_ANALYSIS = YES;
				CLANG_WARN_STRICT_PROTOTYPES = YES;
				CLANG_WARN_SUSPICIOUS_MOVE = YES;
				CLANG_WARN_UNREACHABLE_CODE = YES;
				CLANG_WARN__DUPLICATE_METHOD_MATCH = YES;
				"CODE_SIGN_IDENTITY[sdk=iphoneos*]" = "iPhone Developer";
				COPY_PHASE_STRIP = NO;
				DEBUG_INFORMATION_FORMAT = "dwarf-with-dsym";
				ENABLE_NS_ASSERTIONS = NO;
				ENABLE_STRICT_OBJC_MSGSEND = YES;
				GCC_C_LANGUAGE_STANDARD = gnu99;
				GCC_NO_COMMON_BLOCKS = YES;
				GCC_WARN_64_TO_32_BIT_CONVERSION = YES;
				GCC_WARN_ABOUT_RETURN_TYPE = YES_ERROR;
				GCC_WARN_UNDECLARED_SELECTOR = YES;
				GCC_WARN_UNINITIALIZED_AUTOS = YES_AGGRESSIVE;
				GCC_WARN_UNUSED_FUNCTION = YES;
				GCC_WARN_UNUSED_VARIABLE = YES;
				IPHONEOS_DEPLOYMENT_TARGET = 10.3;
				MTL_ENABLE_DEBUG_INFO = NO;
				SDKROOT = iphoneos;
				SWIFT_OPTIMIZATION_LEVEL = "-Owholemodule";
				SWIFT_VERSION = 4.0;
				TARGETED_DEVICE_FAMILY = "1,2";
				VALIDATE_PRODUCT = YES;
			};
			name = Release;
		};
		146EF335211D6ECC003ACCE1 /* Debug */ = {
			isa = XCBuildConfiguration;
			buildSettings = {
				ASSETCATALOG_COMPILER_APPICON_NAME = AppIcon;
				INFOPLIST_FILE = iosTaskMivi/Info.plist;
				LD_RUNPATH_SEARCH_PATHS = "$(inherited) @executable_path/Frameworks";
				PRODUCT_BUNDLE_IDENTIFIER = com.rize.com.iosTaskMivi;
				PRODUCT_NAME = "$(TARGET_NAME)";
				SWIFT_VERSION = 4.0;
			};
			name = Debug;
		};
		146EF336211D6ECC003ACCE1 /* Release */ = {
			isa = XCBuildConfiguration;
			buildSettings = {
				ASSETCATALOG_COMPILER_APPICON_NAME = AppIcon;
				INFOPLIST_FILE = iosTaskMivi/Info.plist;
				LD_RUNPATH_SEARCH_PATHS = "$(inherited) @executable_path/Frameworks";
				PRODUCT_BUNDLE_IDENTIFIER = com.rize.com.iosTaskMivi;
				PRODUCT_NAME = "$(TARGET_NAME)";
				SWIFT_VERSION = 4.0;
			};
			name = Release;
		};
/* End XCBuildConfiguration section */

/* Begin XCConfigurationList section */
		146EF31D211D6ECA003ACCE1 /* Build configuration list for PBXProject "iosTaskMivi" */ = {
			isa = XCConfigurationList;
			buildConfigurations = (
				146EF332211D6ECC003ACCE1 /* Debug */,
				146EF333211D6ECC003ACCE1 /* Release */,
			);
			defaultConfigurationIsVisible = 0;
			defaultConfigurationName = Release;
		};
		146EF334211D6ECC003ACCE1 /* Build configuration list for PBXNativeTarget "iosTaskMivi" */ = {
			isa = XCConfigurationList;
			buildConfigurations = (
				146EF335211D6ECC003ACCE1 /* Debug */,
				146EF336211D6ECC003ACCE1 /* Release */,
			);
			defaultConfigurationIsVisible = 0;
			defaultConfigurationName = Release;
		};
/* End XCConfigurationList section */
	};
	rootObject = 146EF31A211D6ECA003ACCE1 /* Project object */;
}
